
Microsoft Visual Studio Solution File, Format Version 12.00
# Visual Studio Version 17
VisualStudioVersion = 17.14.36203.30 d17.14
MinimumVisualStudioVersion = 10.0.40219.1
Project("{FAE04EC0-301F-11D3-BF4B-00C04F79EFBC}") = "StringLearning", "StringLearning\StringLearning.csproj", "{2615396E-E2C9-4909-8148-82481E4C1B21}"
EndProject
Global
	GlobalSection(SolutionConfigurationPlatforms) = preSolution
		Debug|Any CPU = Debug|Any CPU
		Release|Any CPU = Release|Any CPU
	EndGlobalSection
	GlobalSection(ProjectConfigurationPlatforms) = postSolution
		{2615396E-E2C9-4909-8148-82481E4C1B21}.Debug|Any CPU.ActiveCfg = Debug|Any CPU
		{2615396E-E2C9-4909-8148-82481E4C1B21}.Debug|Any CPU.Build.0 = Debug|Any CPU
		{2615396E-E2C9-4909-8148-82481E4C1B21}.Release|Any CPU.ActiveCfg = Release|Any CPU
		{2615396E-E2C9-4909-8148-82481E4C1B21}.Release|Any CPU.Build.0 = Release|Any CPU
	EndGlobalSection
	GlobalSection(SolutionProperties) = preSolution
		HideSolutionNode = FALSE
	EndGlobalSection
	GlobalSection(ExtensibilityGlobals) = postSolution
		SolutionGuid = {E1EBED9F-DA67-4D1F-A867-34E282AC142D}
	EndGlobalSection
EndGlobal
