
Microsoft Visual Studio Solution File, Format Version 12.00
# Visual Studio Version 17
VisualStudioVersion = 17.14.36203.30 d17.14
MinimumVisualStudioVersion = 10.0.40219.1
Project("{FAE04EC0-301F-11D3-BF4B-00C04F79EFBC}") = "CollectionsGenerics", "CollectionsGenerics\CollectionsGenerics.csproj", "{0F318EBA-7230-428D-94FF-85F43CF564D4}"
EndProject
Global
	GlobalSection(SolutionConfigurationPlatforms) = preSolution
		Debug|Any CPU = Debug|Any CPU
		Release|Any CPU = Release|Any CPU
	EndGlobalSection
	GlobalSection(ProjectConfigurationPlatforms) = postSolution
		{0F318EBA-7230-428D-94FF-85F43CF564D4}.Debug|Any CPU.ActiveCfg = Debug|Any CPU
		{0F318EBA-7230-428D-94FF-85F43CF564D4}.Debug|Any CPU.Build.0 = Debug|Any CPU
		{0F318EBA-7230-428D-94FF-85F43CF564D4}.Release|Any CPU.ActiveCfg = Release|Any CPU
		{0F318EBA-7230-428D-94FF-85F43CF564D4}.Release|Any CPU.Build.0 = Release|Any CPU
	EndGlobalSection
	GlobalSection(SolutionProperties) = preSolution
		HideSolutionNode = FALSE
	EndGlobalSection
	GlobalSection(ExtensibilityGlobals) = postSolution
		SolutionGuid = {BE14F757-AF5B-435F-A3B5-C650BDFCE8CD}
	EndGlobalSection
EndGlobal
