
Microsoft Visual Studio Solution File, Format Version 12.00
# Visual Studio Version 17
VisualStudioVersion = 17.14.36203.30 d17.14
MinimumVisualStudioVersion = 10.0.40219.1
Project("{FAE04EC0-301F-11D3-BF4B-00C04F79EFBC}") = "Employee", "Employee\Employee.csproj", "{1ED4A594-6BD3-4C69-AFC2-8AC8A6231E0C}"
EndProject
Global
	GlobalSection(SolutionConfigurationPlatforms) = preSolution
		Debug|Any CPU = Debug|Any CPU
		Release|Any CPU = Release|Any CPU
	EndGlobalSection
	GlobalSection(ProjectConfigurationPlatforms) = postSolution
		{1ED4A594-6BD3-4C69-AFC2-8AC8A6231E0C}.Debug|Any CPU.ActiveCfg = Debug|Any CPU
		{1ED4A594-6BD3-4C69-AFC2-8AC8A6231E0C}.Debug|Any CPU.Build.0 = Debug|Any CPU
		{1ED4A594-6BD3-4C69-AFC2-8AC8A6231E0C}.Release|Any CPU.ActiveCfg = Release|Any CPU
		{1ED4A594-6BD3-4C69-AFC2-8AC8A6231E0C}.Release|Any CPU.Build.0 = Release|Any CPU
	EndGlobalSection
	GlobalSection(SolutionProperties) = preSolution
		HideSolutionNode = FALSE
	EndGlobalSection
	GlobalSection(ExtensibilityGlobals) = postSolution
		SolutionGuid = {B29ED3A7-CA0A-4AF0-9B2B-B7238BE52503}
	EndGlobalSection
EndGlobal
