
Microsoft Visual Studio Solution File, Format Version 12.00
# Visual Studio Version 17
VisualStudioVersion = 17.14.36203.30 d17.14
MinimumVisualStudioVersion = 10.0.40219.1
Project("{FAE04EC0-301F-11D3-BF4B-00C04F79EFBC}") = "ClassesAdvanced", "ClassesAdvanced\ClassesAdvanced.csproj", "{7DF70EAC-9925-4CD6-B6BB-C6AF83F87365}"
EndProject
Project("{FAE04EC0-301F-11D3-BF4B-00C04F79EFBC}") = "MyClassLibrary", "MyClassLibrary\MyClassLibrary.csproj", "{156B4302-BD67-46C3-B6FF-39701C919011}"
EndProject
Global
	GlobalSection(SolutionConfigurationPlatforms) = preSolution
		Debug|Any CPU = Debug|Any CPU
		Release|Any CPU = Release|Any CPU
	EndGlobalSection
	GlobalSection(ProjectConfigurationPlatforms) = postSolution
		{7DF70EAC-9925-4CD6-B6BB-C6AF83F87365}.Debug|Any CPU.ActiveCfg = Debug|Any CPU
		{7DF70EAC-9925-4CD6-B6BB-C6AF83F87365}.Debug|Any CPU.Build.0 = Debug|Any CPU
		{7DF70EAC-9925-4CD6-B6BB-C6AF83F87365}.Release|Any CPU.ActiveCfg = Release|Any CPU
		{7DF70EAC-9925-4CD6-B6BB-C6AF83F87365}.Release|Any CPU.Build.0 = Release|Any CPU
		{156B4302-BD67-46C3-B6FF-39701C919011}.Debug|Any CPU.ActiveCfg = Debug|Any CPU
		{156B4302-BD67-46C3-B6FF-39701C919011}.Debug|Any CPU.Build.0 = Debug|Any CPU
		{156B4302-BD67-46C3-B6FF-39701C919011}.Release|Any CPU.ActiveCfg = Release|Any CPU
		{156B4302-BD67-46C3-B6FF-39701C919011}.Release|Any CPU.Build.0 = Release|Any CPU
	EndGlobalSection
	GlobalSection(SolutionProperties) = preSolution
		HideSolutionNode = FALSE
	EndGlobalSection
	GlobalSection(ExtensibilityGlobals) = postSolution
		SolutionGuid = {1BCE1669-6C73-4E08-959B-5D81E9AF25DE}
	EndGlobalSection
EndGlobal
