
Microsoft Visual Studio Solution File, Format Version 12.00
# Visual Studio Version 17
VisualStudioVersion = 17.14.36203.30 d17.14
MinimumVisualStudioVersion = 10.0.40219.1
Project("{FAE04EC0-301F-11D3-BF4B-00C04F79EFBC}") = "HomeDeviceControl", "HomeDeviceControl\HomeDeviceControl.csproj", "{FCD63317-7F03-48E9-92E1-30B1D590EF13}"
EndProject
Global
	GlobalSection(SolutionConfigurationPlatforms) = preSolution
		Debug|Any CPU = Debug|Any CPU
		Release|Any CPU = Release|Any CPU
	EndGlobalSection
	GlobalSection(ProjectConfigurationPlatforms) = postSolution
		{FCD63317-7F03-48E9-92E1-30B1D590EF13}.Debug|Any CPU.ActiveCfg = Debug|Any CPU
		{FCD63317-7F03-48E9-92E1-30B1D590EF13}.Debug|Any CPU.Build.0 = Debug|Any CPU
		{FCD63317-7F03-48E9-92E1-30B1D590EF13}.Release|Any CPU.ActiveCfg = Release|Any CPU
		{FCD63317-7F03-48E9-92E1-30B1D590EF13}.Release|Any CPU.Build.0 = Release|Any CPU
	EndGlobalSection
	GlobalSection(SolutionProperties) = preSolution
		HideSolutionNode = FALSE
	EndGlobalSection
	GlobalSection(ExtensibilityGlobals) = postSolution
		SolutionGuid = {785BCFEA-6C80-40AA-81B5-6B77C7FEF407}
	EndGlobalSection
EndGlobal
